
Microsoft Visual Studio Solution File, Format Version 12.00
# Visual Studio 2012
Project("{FAE04EC0-301F-11D3-BF4B-00C04F79EFBC}") = "EFConcurrentAsyncSample.Data", "EFConcurrentAsyncSample.Data\EFConcurrentAsyncSample.Data.csproj", "{DB4101EA-88BD-4C79-93D7-3E9EB99DBA33}"
EndProject
Project("{FAE04EC0-301F-11D3-BF4B-00C04F79EFBC}") = "EFConcurrentAsyncSample.Api", "EFConcurrentAsyncSample.Api\EFConcurrentAsyncSample.Api.csproj", "{F526D20C-4E6B-4C13-8F94-254E41C1F317}"
EndProject
Global
	GlobalSection(SolutionConfigurationPlatforms) = preSolution
		Debug|Any CPU = Debug|Any CPU
		Release|Any CPU = Release|Any CPU
	EndGlobalSection
	GlobalSection(ProjectConfigurationPlatforms) = postSolution
		{DB4101EA-88BD-4C79-93D7-3E9EB99DBA33}.Debug|Any CPU.ActiveCfg = Debug|Any CPU
		{DB4101EA-88BD-4C79-93D7-3E9EB99DBA33}.Debug|Any CPU.Build.0 = Debug|Any CPU
		{DB4101EA-88BD-4C79-93D7-3E9EB99DBA33}.Release|Any CPU.ActiveCfg = Release|Any CPU
		{DB4101EA-88BD-4C79-93D7-3E9EB99DBA33}.Release|Any CPU.Build.0 = Release|Any CPU
		{F526D20C-4E6B-4C13-8F94-254E41C1F317}.Debug|Any CPU.ActiveCfg = Debug|Any CPU
		{F526D20C-4E6B-4C13-8F94-254E41C1F317}.Debug|Any CPU.Build.0 = Debug|Any CPU
		{F526D20C-4E6B-4C13-8F94-254E41C1F317}.Release|Any CPU.ActiveCfg = Release|Any CPU
		{F526D20C-4E6B-4C13-8F94-254E41C1F317}.Release|Any CPU.Build.0 = Release|Any CPU
	EndGlobalSection
	GlobalSection(SolutionProperties) = preSolution
		HideSolutionNode = FALSE
	EndGlobalSection
EndGlobal
