
Microsoft Visual Studio Solution File, Format Version 12.00
# Visual Studio 2012
Project("{FAE04EC0-301F-11D3-BF4B-00C04F79EFBC}") = "ManyToManyEFSample", "ManyToManyEFSample\ManyToManyEFSample.csproj", "{C40B8652-3716-47A4-8272-A463D811B5EB}"
EndProject
Global
	GlobalSection(SolutionConfigurationPlatforms) = preSolution
		Debug|Any CPU = Debug|Any CPU
		Release|Any CPU = Release|Any CPU
	EndGlobalSection
	GlobalSection(ProjectConfigurationPlatforms) = postSolution
		{C40B8652-3716-47A4-8272-A463D811B5EB}.Debug|Any CPU.ActiveCfg = Debug|Any CPU
		{C40B8652-3716-47A4-8272-A463D811B5EB}.Debug|Any CPU.Build.0 = Debug|Any CPU
		{C40B8652-3716-47A4-8272-A463D811B5EB}.Release|Any CPU.ActiveCfg = Release|Any CPU
		{C40B8652-3716-47A4-8272-A463D811B5EB}.Release|Any CPU.Build.0 = Release|Any CPU
	EndGlobalSection
	GlobalSection(SolutionProperties) = preSolution
		HideSolutionNode = FALSE
	EndGlobalSection
EndGlobal
