
Microsoft Visual Studio Solution File, Format Version 12.00
# Visual Studio 2012
Project("{FAE04EC0-301F-11D3-BF4B-00C04F79EFBC}") = "TestWithTransactionScope.Data", "TestWithTransactionScope.Data\TestWithTransactionScope.Data.csproj", "{9250A0FB-D6FD-410C-B96C-1973F4723C02}"
EndProject
Project("{FAE04EC0-301F-11D3-BF4B-00C04F79EFBC}") = "TestWithTransactionScope.Test", "TestWithTransactionScope.Test\TestWithTransactionScope.Test.csproj", "{DBD2E03D-7647-4599-B993-BD7060279B9F}"
EndProject
Global
	GlobalSection(SolutionConfigurationPlatforms) = preSolution
		Debug|Any CPU = Debug|Any CPU
		Release|Any CPU = Release|Any CPU
	EndGlobalSection
	GlobalSection(ProjectConfigurationPlatforms) = postSolution
		{9250A0FB-D6FD-410C-B96C-1973F4723C02}.Debug|Any CPU.ActiveCfg = Debug|Any CPU
		{9250A0FB-D6FD-410C-B96C-1973F4723C02}.Debug|Any CPU.Build.0 = Debug|Any CPU
		{9250A0FB-D6FD-410C-B96C-1973F4723C02}.Release|Any CPU.ActiveCfg = Release|Any CPU
		{9250A0FB-D6FD-410C-B96C-1973F4723C02}.Release|Any CPU.Build.0 = Release|Any CPU
		{DBD2E03D-7647-4599-B993-BD7060279B9F}.Debug|Any CPU.ActiveCfg = Debug|Any CPU
		{DBD2E03D-7647-4599-B993-BD7060279B9F}.Debug|Any CPU.Build.0 = Debug|Any CPU
		{DBD2E03D-7647-4599-B993-BD7060279B9F}.Release|Any CPU.ActiveCfg = Release|Any CPU
		{DBD2E03D-7647-4599-B993-BD7060279B9F}.Release|Any CPU.Build.0 = Release|Any CPU
	EndGlobalSection
	GlobalSection(SolutionProperties) = preSolution
		HideSolutionNode = FALSE
	EndGlobalSection
EndGlobal
